
Microsoft Visual Studio Solution File, Format Version 12.00
# Visual Studio Version 17
VisualStudioVersion = 17.8.34511.84
MinimumVisualStudioVersion = 10.0.40219.1
Project("{FAE04EC0-301F-11D3-BF4B-00C04F79EFBC}") = "YoKartApi", "YoKartApi.csproj", "{77802737-8009-4DDE-9893-B9F5B8B9AD2F}"
EndProject
Global
	GlobalSection(SolutionConfigurationPlatforms) = preSolution
		Debug|Any CPU = Debug|Any CPU
		Release|Any CPU = Release|Any CPU
	EndGlobalSection
	GlobalSection(ProjectConfigurationPlatforms) = postSolution
		{77802737-8009-4DDE-9893-B9F5B8B9AD2F}.Debug|Any CPU.ActiveCfg = Debug|Any CPU
		{77802737-8009-4DDE-9893-B9F5B8B9AD2F}.Debug|Any CPU.Build.0 = Debug|Any CPU
		{77802737-8009-4DDE-9893-B9F5B8B9AD2F}.Release|Any CPU.ActiveCfg = Release|Any CPU
		{77802737-8009-4DDE-9893-B9F5B8B9AD2F}.Release|Any CPU.Build.0 = Release|Any CPU
	EndGlobalSection
	GlobalSection(SolutionProperties) = preSolution
		HideSolutionNode = FALSE
	EndGlobalSection
	GlobalSection(ExtensibilityGlobals) = postSolution
		SolutionGuid = {FD24B48B-FCC2-4AB2-B9C0-A9B796F4291F}
	EndGlobalSection
EndGlobal
